
Microsoft Visual Studio Solution File, Format Version 12.00
# Visual Studio Version 17
VisualStudioVersion = 17.8.34525.116
MinimumVisualStudioVersion = 10.0.40219.1
Project("{FAE04EC0-301F-11D3-BF4B-00C04F79EFBC}") = "FizzBuzz Game", "FizzBuzz Game\FizzBuzz Game.csproj", "{998EC372-834C-4656-8755-66C3D97C1E44}"
EndProject
Global
	GlobalSection(SolutionConfigurationPlatforms) = preSolution
		Debug|Any CPU = Debug|Any CPU
		Release|Any CPU = Release|Any CPU
	EndGlobalSection
	GlobalSection(ProjectConfigurationPlatforms) = postSolution
		{998EC372-834C-4656-8755-66C3D97C1E44}.Debug|Any CPU.ActiveCfg = Debug|Any CPU
		{998EC372-834C-4656-8755-66C3D97C1E44}.Debug|Any CPU.Build.0 = Debug|Any CPU
		{998EC372-834C-4656-8755-66C3D97C1E44}.Release|Any CPU.ActiveCfg = Release|Any CPU
		{998EC372-834C-4656-8755-66C3D97C1E44}.Release|Any CPU.Build.0 = Release|Any CPU
	EndGlobalSection
	GlobalSection(SolutionProperties) = preSolution
		HideSolutionNode = FALSE
	EndGlobalSection
	GlobalSection(ExtensibilityGlobals) = postSolution
		SolutionGuid = {6D0462D8-24B1-423D-A25A-75E9DA27EA14}
	EndGlobalSection
EndGlobal
